// !$*UTF8*$!
{
	archiveVersion = 1;
	classes = {
	};
	objectVersion = 50;
	objects = {

/* Begin PBXBuildFile section */
		69742AA424BF26AC0076776A /* Budget.png in Resources */ = {isa = PBXBuildFile; fileRef = 69742AA324BF26AC0076776A /* Budget.png */; };
		697D9BD62460E10F0020D6FD /* AppDelegate.swift in Sources */ = {isa = PBXBuildFile; fileRef = 697D9BD52460E10F0020D6FD /* AppDelegate.swift */; };
		697D9BD82460E10F0020D6FD /* SceneDelegate.swift in Sources */ = {isa = PBXBuildFile; fileRef = 697D9BD72460E10F0020D6FD /* SceneDelegate.swift */; };
		697D9BDA2460E10F0020D6FD /* ContentView.swift in Sources */ = {isa = PBXBuildFile; fileRef = 697D9BD92460E10F0020D6FD /* ContentView.swift */; };
		697D9BDC2460E1130020D6FD /* Assets.xcassets in Resources */ = {isa = PBXBuildFile; fileRef = 697D9BDB2460E1130020D6FD /* Assets.xcassets */; };
		697D9BDF2460E1130020D6FD /* Preview Assets.xcassets in Resources */ = {isa = PBXBuildFile; fileRef = 697D9BDE2460E1130020D6FD /* Preview Assets.xcassets */; };
		697D9BE22460E1130020D6FD /* LaunchScreen.storyboard in Resources */ = {isa = PBXBuildFile; fileRef = 697D9BE02460E1130020D6FD /* LaunchScreen.storyboard */; };
/* End PBXBuildFile section */

/* Begin PBXFileReference section */
		69742AA224BF264D0076776A /* README.md */ = {isa = PBXFileReference; lastKnownFileType = net.daringfireball.markdown; path = README.md; sourceTree = "<group>"; };
		69742AA324BF26AC0076776A /* Budget.png */ = {isa = PBXFileReference; lastKnownFileType = image.png; path = Budget.png; sourceTree = "<group>"; };
		697D9BD22460E10F0020D6FD /* 50_30_20_Budget.app */ = {isa = PBXFileReference; explicitFileType = wrapper.application; includeInIndex = 0; path = 50_30_20_Budget.app; sourceTree = BUILT_PRODUCTS_DIR; };
		697D9BD52460E10F0020D6FD /* AppDelegate.swift */ = {isa = PBXFileReference; lastKnownFileType = sourcecode.swift; path = AppDelegate.swift; sourceTree = "<group>"; };
		697D9BD72460E10F0020D6FD /* SceneDelegate.swift */ = {isa = PBXFileReference; lastKnownFileType = sourcecode.swift; path = SceneDelegate.swift; sourceTree = "<group>"; };
		697D9BD92460E10F0020D6FD /* ContentView.swift */ = {isa = PBXFileReference; lastKnownFileType = sourcecode.swift; path = ContentView.swift; sourceTree = "<group>"; };
		697D9BDB2460E1130020D6FD /* Assets.xcassets */ = {isa = PBXFileReference; lastKnownFileType = folder.assetcatalog; path = Assets.xcassets; sourceTree = "<group>"; };
		697D9BDE2460E1130020D6FD /* Preview Assets.xcassets */ = {isa = PBXFileReference; lastKnownFileType = folder.assetcatalog; path = "Preview Assets.xcassets"; sourceTree = "<group>"; };
		697D9BE12460E1130020D6FD /* Base */ = {isa = PBXFileReference; lastKnownFileType = file.storyboard; name = Base; path = Base.lproj/LaunchScreen.storyboard; sourceTree = "<group>"; };
		697D9BE32460E1130020D6FD /* Info.plist */ = {isa = PBXFileReference; lastKnownFileType = text.plist.xml; path = Info.plist; sourceTree = "<group>"; };
/* End PBXFileReference section */

/* Begin PBXFrameworksBuildPhase section */
		697D9BCF2460E10F0020D6FD /* Frameworks */ = {
			isa = PBXFrameworksBuildPhase;
			buildActionMask = 2147483647;
			files = (
			);
			runOnlyForDeploymentPostprocessing = 0;
		};
/* End PBXFrameworksBuildPhase section */

/* Begin PBXGroup section */
		697D9BC92460E10F0020D6FD = {
			isa = PBXGroup;
			children = (
				69742AA224BF264D0076776A /* README.md */,
				69742AA324BF26AC0076776A /* Budget.png */,
				697D9BD42460E10F0020D6FD /* 50_30_20_Budget */,
				697D9BD32460E10F0020D6FD /* Products */,
			);
			sourceTree = "<group>";
		};
		697D9BD32460E10F0020D6FD /* Products */ = {
			isa = PBXGroup;
			children = (
				697D9BD22460E10F0020D6FD /* 50_30_20_Budget.app */,
			);
			name = Products;
			sourceTree = "<group>";
		};
		697D9BD42460E10F0020D6FD /* 50_30_20_Budget */ = {
			isa = PBXGroup;
			children = (
				697D9BD52460E10F0020D6FD /* AppDelegate.swift */,
				697D9BD72460E10F0020D6FD /* SceneDelegate.swift */,
				697D9BD92460E10F0020D6FD /* ContentView.swift */,
				697D9BDB2460E1130020D6FD /* Assets.xcassets */,
				697D9BE02460E1130020D6FD /* LaunchScreen.storyboard */,
				697D9BE32460E1130020D6FD /* Info.plist */,
				697D9BDD2460E1130020D6FD /* Preview Content */,
			);
			path = 50_30_20_Budget;
			sourceTree = "<group>";
		};
		697D9BDD2460E1130020D6FD /* Preview Content */ = {
			isa = PBXGroup;
			children = (
				697D9BDE2460E1130020D6FD /* Preview Assets.xcassets */,
			);
			path = "Preview Content";
			sourceTree = "<group>";
		};
/* End PBXGroup section */

/* Begin PBXNativeTarget section */
		697D9BD12460E10F0020D6FD /* 50_30_20_Budget */ = {
			isa = PBXNativeTarget;
			buildConfigurationList = 697D9BE62460E1130020D6FD /* Build configuration list for PBXNativeTarget "50_30_20_Budget" */;
			buildPhases = (
				697D9BCE2460E10F0020D6FD /* Sources */,
				697D9BCF2460E10F0020D6FD /* Frameworks */,
				697D9BD02460E10F0020D6FD /* Resources */,
			);
			buildRules = (
			);
			dependencies = (
			);
			name = 50_30_20_Budget;
			productName = 50_30_20_Budget;
			productReference = 697D9BD22460E10F0020D6FD /* 50_30_20_Budget.app */;
			productType = "com.apple.product-type.application";
		};
/* End PBXNativeTarget section */

/* Begin PBXProject section */
		697D9BCA2460E10F0020D6FD /* Project object */ = {
			isa = PBXProject;
			attributes = {
				LastSwiftUpdateCheck = 1140;
				LastUpgradeCheck = 1140;
				ORGANIZATIONNAME = "Michelle Lau";
				TargetAttributes = {
					697D9BD12460E10F0020D6FD = {
						CreatedOnToolsVersion = 11.4;
					};
				};
			};
			buildConfigurationList = 697D9BCD2460E10F0020D6FD /* Build configuration list for PBXProject "50_30_20_Budget" */;
			compatibilityVersion = "Xcode 9.3";
			developmentRegion = en;
			hasScannedForEncodings = 0;
			knownRegions = (
				en,
				Base,
			);
			mainGroup = 697D9BC92460E10F0020D6FD;
			productRefGroup = 697D9BD32460E10F0020D6FD /* Products */;
			projectDirPath = "";
			projectRoot = "";
			targets = (
				697D9BD12460E10F0020D6FD /* 50_30_20_Budget */,
			);
		};
/* End PBXProject section */

/* Begin PBXResourcesBuildPhase section */
		697D9BD02460E10F0020D6FD /* Resources */ = {
			isa = PBXResourcesBuildPhase;
			buildActionMask = 2147483647;
			files = (
				69742AA424BF26AC0076776A /* Budget.png in Resources */,
				697D9BE22460E1130020D6FD /* LaunchScreen.storyboard in Resources */,
				697D9BDF2460E1130020D6FD /* Preview Assets.xcassets in Resources */,
				697D9BDC2460E1130020D6FD /* Assets.xcassets in Resources */,
			);
			runOnlyForDeploymentPostprocessing = 0;
		};
/* End PBXResourcesBuildPhase section */

/* Begin PBXSourcesBuildPhase section */
		697D9BCE2460E10F0020D6FD /* Sources */ = {
			isa = PBXSourcesBuildPhase;
			buildActionMask = 2147483647;
			files = (
				697D9BD62460E10F0020D6FD /* AppDelegate.swift in Sources */,
				697D9BD82460E10F0020D6FD /* SceneDelegate.swift in Sources */,
				697D9BDA2460E10F0020D6FD /* ContentView.swift in Sources */,
			);
			runOnlyForDeploymentPostprocessing = 0;
		};
/* End PBXSourcesBuildPhase section */

/* Begin PBXVariantGroup section */
		697D9BE02460E1130020D6FD /* LaunchScreen.storyboard */ = {
			isa = PBXVariantGroup;
			children = (
				697D9BE12460E1130020D6FD /* Base */,
			);
			name = LaunchScreen.storyboard;
			sourceTree = "<group>";
		};
/* End PBXVariantGroup section */

/* Begin XCBuildConfiguration section */
		697D9BE42460E1130020D6FD /* Debug */ = {
			isa = XCBuildConfiguration;
			buildSettings = {
				ALWAYS_SEARCH_USER_PATHS = NO;
				CLANG_ANALYZER_NONNULL = YES;
				CLANG_ANALYZER_NUMBER_OBJECT_CONVERSION = YES_AGGRESSIVE;
				CLANG_CXX_LANGUAGE_STANDARD = "gnu++14";
				CLANG_CXX_LIBRARY = "libc++";
				CLANG_ENABLE_MODULES = YES;
				CLANG_ENABLE_OBJC_ARC = YES;
				CLANG_ENABLE_OBJC_WEAK = YES;
				CLANG_WARN_BLOCK_CAPTURE_AUTORELEASING = YES;
				CLANG_WARN_BOOL_CONVERSION = YES;
				CLANG_WARN_COMMA = YES;
				CLANG_WARN_CONSTANT_CONVERSION = YES;
				CLANG_WARN_DEPRECATED_OBJC_IMPLEMENTATIONS = YES;
				CLANG_WARN_DIRECT_OBJC_ISA_USAGE = YES_ERROR;
				CLANG_WARN_DOCUMENTATION_COMMENTS = YES;
				CLANG_WARN_EMPTY_BODY = YES;
				CLANG_WARN_ENUM_CONVERSION = YES;
				CLANG_WARN_INFINITE_RECURSION = YES;
				CLANG_WARN_INT_CONVERSION = YES;
				CLANG_WARN_NON_LITERAL_NULL_CONVERSION = YES;
				CLANG_WARN_OBJC_IMPLICIT_RETAIN_SELF = YES;
				CLANG_WARN_OBJC_LITERAL_CONVERSION = YES;
				CLANG_WARN_OBJC_ROOT_CLASS = YES_ERROR;
				CLANG_WARN_RANGE_LOOP_ANALYSIS = YES;
				CLANG_WARN_STRICT_PROTOTYPES = YES;
				CLANG_WARN_SUSPICIOUS_MOVE = YES;
				CLANG_WARN_UNGUARDED_AVAILABILITY = YES_AGGRESSIVE;
				CLANG_WARN_UNREACHABLE_CODE = YES;
				CLANG_WARN__DUPLICATE_METHOD_MATCH = YES;
				COPY_PHASE_STRIP = NO;
				DEBUG_INFORMATION_FORMAT = dwarf;
				ENABLE_STRICT_OBJC_MSGSEND = YES;
				ENABLE_TESTABILITY = YES;
				GCC_C_LANGUAGE_STANDARD = gnu11;
				GCC_DYNAMIC_NO_PIC = NO;
				GCC_NO_COMMON_BLOCKS = YES;
				GCC_OPTIMIZATION_LEVEL = 0;
				GCC_PREPROCESSOR_DEFINITIONS = (
					"DEBUG=1",
					"$(inherited)",
				);
				GCC_WARN_64_TO_32_BIT_CONVERSION = YES;
				GCC_WARN_ABOUT_RETURN_TYPE = YES_ERROR;
				GCC_WARN_UNDECLARED_SELECTOR = YES;
				GCC_WARN_UNINITIALIZED_AUTOS = YES_AGGRESSIVE;
				GCC_WARN_UNUSED_FUNCTION = YES;
				GCC_WARN_UNUSED_VARIABLE = YES;
				IPHONEOS_DEPLOYMENT_TARGET = 13.4;
				MTL_ENABLE_DEBUG_INFO = INCLUDE_SOURCE;
				MTL_FAST_MATH = YES;
				ONLY_ACTIVE_ARCH = YES;
				SDKROOT = iphoneos;
				SWIFT_ACTIVE_COMPILATION_CONDITIONS = DEBUG;
				SWIFT_OPTIMIZATION_LEVEL = "-Onone";
			};
			name = Debug;
		};
		697D9BE52460E1130020D6FD /* Release */ = {
			isa = XCBuildConfiguration;
			buildSettings = {
				ALWAYS_SEARCH_USER_PATHS = NO;
				CLANG_ANALYZER_NONNULL = YES;
				CLANG_ANALYZER_NUMBER_OBJECT_CONVERSION = YES_AGGRESSIVE;
				CLANG_CXX_LANGUAGE_STANDARD = "gnu++14";
				CLANG_CXX_LIBRARY = "libc++";
				CLANG_ENABLE_MODULES = YES;
				CLANG_ENABLE_OBJC_ARC = YES;
				CLANG_ENABLE_OBJC_WEAK = YES;
				CLANG_WARN_BLOCK_CAPTURE_AUTORELEASING = YES;
				CLANG_WARN_BOOL_CONVERSION = YES;
				CLANG_WARN_COMMA = YES;
				CLANG_WARN_CONSTANT_CONVERSION = YES;
				CLANG_WARN_DEPRECATED_OBJC_IMPLEMENTATIONS = YES;
				CLANG_WARN_DIRECT_OBJC_ISA_USAGE = YES_ERROR;
				CLANG_WARN_DOCUMENTATION_COMMENTS = YES;
				CLANG_WARN_EMPTY_BODY = YES;
				CLANG_WARN_ENUM_CONVERSION = YES;
				CLANG_WARN_INFINITE_RECURSION = YES;
				CLANG_WARN_INT_CONVERSION = YES;
				CLANG_WARN_NON_LITERAL_NULL_CONVERSION = YES;
				CLANG_WARN_OBJC_IMPLICIT_RETAIN_SELF = YES;
				CLANG_WARN_OBJC_LITERAL_CONVERSION = YES;
				CLANG_WARN_OBJC_ROOT_CLASS = YES_ERROR;
				CLANG_WARN_RANGE_LOOP_ANALYSIS = YES;
				CLANG_WARN_STRICT_PROTOTYPES = YES;
				CLANG_WARN_SUSPICIOUS_MOVE = YES;
				CLANG_WARN_UNGUARDED_AVAILABILITY = YES_AGGRESSIVE;
				CLANG_WARN_UNREACHABLE_CODE = YES;
				CLANG_WARN__DUPLICATE_METHOD_MATCH = YES;
				COPY_PHASE_STRIP = NO;
				DEBUG_INFORMATION_FORMAT = "dwarf-with-dsym";
				ENABLE_NS_ASSERTIONS = NO;
				ENABLE_STRICT_OBJC_MSGSEND = YES;
				GCC_C_LANGUAGE_STANDARD = gnu11;
				GCC_NO_COMMON_BLOCKS = YES;
				GCC_WARN_64_TO_32_BIT_CONVERSION = YES;
				GCC_WARN_ABOUT_RETURN_TYPE = YES_ERROR;
				GCC_WARN_UNDECLARED_SELECTOR = YES;
				GCC_WARN_UNINITIALIZED_AUTOS = YES_AGGRESSIVE;
				GCC_WARN_UNUSED_FUNCTION = YES;
				GCC_WARN_UNUSED_VARIABLE = YES;
				IPHONEOS_DEPLOYMENT_TARGET = 13.4;
				MTL_ENABLE_DEBUG_INFO = NO;
				MTL_FAST_MATH = YES;
				SDKROOT = iphoneos;
				SWIFT_COMPILATION_MODE = wholemodule;
				SWIFT_OPTIMIZATION_LEVEL = "-O";
				VALIDATE_PRODUCT = YES;
			};
			name = Release;
		};
		697D9BE72460E1130020D6FD /* Debug */ = {
			isa = XCBuildConfiguration;
			buildSettings = {
				ASSETCATALOG_COMPILER_APPICON_NAME = AppIcon;
				CODE_SIGN_STYLE = Automatic;
				DEVELOPMENT_ASSET_PATHS = "\"50_30_20_Budget/Preview Content\"";
				ENABLE_PREVIEWS = YES;
				INFOPLIST_FILE = 50_30_20_Budget/Info.plist;
				LD_RUNPATH_SEARCH_PATHS = (
					"$(inherited)",
					"@executable_path/Frameworks",
				);
				PRODUCT_BUNDLE_IDENTIFIER = "com.MichelleLau.-0-30-20-Budget";
				PRODUCT_NAME = "$(TARGET_NAME)";
				SWIFT_VERSION = 5.0;
				TARGETED_DEVICE_FAMILY = "1,2";
			};
			name = Debug;
		};
		697D9BE82460E1130020D6FD /* Release */ = {
			isa = XCBuildConfiguration;
			buildSettings = {
				ASSETCATALOG_COMPILER_APPICON_NAME = AppIcon;
				CODE_SIGN_STYLE = Automatic;
				DEVELOPMENT_ASSET_PATHS = "\"50_30_20_Budget/Preview Content\"";
				ENABLE_PREVIEWS = YES;
				INFOPLIST_FILE = 50_30_20_Budget/Info.plist;
				LD_RUNPATH_SEARCH_PATHS = (
					"$(inherited)",
					"@executable_path/Frameworks",
				);
				PRODUCT_BUNDLE_IDENTIFIER = "com.MichelleLau.-0-30-20-Budget";
				PRODUCT_NAME = "$(TARGET_NAME)";
				SWIFT_VERSION = 5.0;
				TARGETED_DEVICE_FAMILY = "1,2";
			};
			name = Release;
		};
/* End XCBuildConfiguration section */

/* Begin XCConfigurationList section */
		697D9BCD2460E10F0020D6FD /* Build configuration list for PBXProject "50_30_20_Budget" */ = {
			isa = XCConfigurationList;
			buildConfigurations = (
				697D9BE42460E1130020D6FD /* Debug */,
				697D9BE52460E1130020D6FD /* Release */,
			);
			defaultConfigurationIsVisible = 0;
			defaultConfigurationName = Release;
		};
		697D9BE62460E1130020D6FD /* Build configuration list for PBXNativeTarget "50_30_20_Budget" */ = {
			isa = XCConfigurationList;
			buildConfigurations = (
				697D9BE72460E1130020D6FD /* Debug */,
				697D9BE82460E1130020D6FD /* Release */,
			);
			defaultConfigurationIsVisible = 0;
			defaultConfigurationName = Release;
		};
/* End XCConfigurationList section */
	};
	rootObject = 697D9BCA2460E10F0020D6FD /* Project object */;
}
